// !$*UTF8*$!
{
	archiveVersion = 1;
	classes = {
	};
	objectVersion = 56;
	objects = {

/* Begin PBXBuildFile section */
		CD0726ED28E482C9006E8389 /* DateFormatter.swift in Sources */ = {isa = PBXBuildFile; fileRef = CD0726EC28E482C9006E8389 /* DateFormatter.swift */; };
		CD0726EF28E483D7006E8389 /* DetailViewController.swift in Sources */ = {isa = PBXBuildFile; fileRef = CD0726EE28E483D7006E8389 /* DetailViewController.swift */; };
		CD0726F328E5BBFF006E8389 /* PlaceholderCell.swift in Sources */ = {isa = PBXBuildFile; fileRef = CD0726F228E5BBFF006E8389 /* PlaceholderCell.swift */; };
		CD0726F528E5BD00006E8389 /* TextCell.swift in Sources */ = {isa = PBXBuildFile; fileRef = CD0726F428E5BD00006E8389 /* TextCell.swift */; };
		CD0726F828E5C648006E8389 /* FactsCell.swift in Sources */ = {isa = PBXBuildFile; fileRef = CD0726F728E5C648006E8389 /* FactsCell.swift */; };
		CD0726FA28E5C841006E8389 /* NSCollectionViewLayout+VerticallCentered.swift in Sources */ = {isa = PBXBuildFile; fileRef = CD0726F928E5C841006E8389 /* NSCollectionViewLayout+VerticallCentered.swift */; };
		CD0726FC28E5E604006E8389 /* GenreCell.swift in Sources */ = {isa = PBXBuildFile; fileRef = CD0726FB28E5E604006E8389 /* GenreCell.swift */; };
		CD0726FE28E5F7D4006E8389 /* PersonCell.swift in Sources */ = {isa = PBXBuildFile; fileRef = CD0726FD28E5F7D4006E8389 /* PersonCell.swift */; };
		CD07270028E5F98B006E8389 /* GradientView.swift in Sources */ = {isa = PBXBuildFile; fileRef = CD0726FF28E5F98B006E8389 /* GradientView.swift */; };
		CD07270228E6335B006E8389 /* KeyFactCell.swift in Sources */ = {isa = PBXBuildFile; fileRef = CD07270128E6335B006E8389 /* KeyFactCell.swift */; };
		CD4A051928EB18640097F656 /* DefaultsKit.h in Headers */ = {isa = PBXBuildFile; fileRef = CD4A051828EB18640097F656 /* DefaultsKit.h */; settings = {ATTRIBUTES = (Public, ); }; };
		CD4A051C28EB18640097F656 /* DefaultsKit.framework in Frameworks */ = {isa = PBXBuildFile; fileRef = CD4A051628EB18640097F656 /* DefaultsKit.framework */; };
		CD4A051D28EB18640097F656 /* DefaultsKit.framework in Embed Frameworks */ = {isa = PBXBuildFile; fileRef = CD4A051628EB18640097F656 /* DefaultsKit.framework */; settings = {ATTRIBUTES = (CodeSignOnCopy, RemoveHeadersOnCopy, ); }; };
		CD4A052328EB186D0097F656 /* UserDefault.swift in Sources */ = {isa = PBXBuildFile; fileRef = CD4A052228EB186D0097F656 /* UserDefault.swift */; };
		CD4A052A28EB1CCB0097F656 /* AnyOptional.swift in Sources */ = {isa = PBXBuildFile; fileRef = CD7D89E728E371B2002EB75D /* AnyOptional.swift */; };
		CD4A052C28EB1D0E0097F656 /* Key.swift in Sources */ = {isa = PBXBuildFile; fileRef = CD4A052B28EB1D0E0097F656 /* Key.swift */; };
		CD4A052E28EB1DB00097F656 /* Optional.swift in Sources */ = {isa = PBXBuildFile; fileRef = CD7D89E328E37120002EB75D /* Optional.swift */; };
		CD4A053028EB2AF50097F656 /* Router.swift in Sources */ = {isa = PBXBuildFile; fileRef = CD4A052F28EB2AF50097F656 /* Router.swift */; };
		CD4A053228EB37C50097F656 /* SearchViewController.swift in Sources */ = {isa = PBXBuildFile; fileRef = CD4A053128EB37C50097F656 /* SearchViewController.swift */; };
		CD7036DE28EC9E11002B28BD /* FilterViewController.swift in Sources */ = {isa = PBXBuildFile; fileRef = CD7036DD28EC9E11002B28BD /* FilterViewController.swift */; };
		CD7036E028EC9F49002B28BD /* UIViewController+Child.swift in Sources */ = {isa = PBXBuildFile; fileRef = CD7036DF28EC9F49002B28BD /* UIViewController+Child.swift */; };
		CD75FE0928EB688600F40BAD /* UIView+InterfaceBuilder.swift in Sources */ = {isa = PBXBuildFile; fileRef = CD75FE0828EB688600F40BAD /* UIView+InterfaceBuilder.swift */; };
		CD75FE0B28EB7A5A00F40BAD /* RatingCell.swift in Sources */ = {isa = PBXBuildFile; fileRef = CD75FE0A28EB7A5A00F40BAD /* RatingCell.swift */; };
		CD7D89CB28E35311002EB75D /* RatingView.swift in Sources */ = {isa = PBXBuildFile; fileRef = CD7D89CA28E35311002EB75D /* RatingView.swift */; };
		CD7D89DB28E35C56002EB75D /* XCAssets+Generated.swift in Sources */ = {isa = PBXBuildFile; fileRef = CD7D89DA28E35C56002EB75D /* XCAssets+Generated.swift */; };
		CD7D89DD28E3618F002EB75D /* Notes.md in Resources */ = {isa = PBXBuildFile; fileRef = CD7D89DC28E3618F002EB75D /* Notes.md */; };
		CD7D89E628E37172002EB75D /* AppDefaults.swift in Sources */ = {isa = PBXBuildFile; fileRef = CD7D89E528E37172002EB75D /* AppDefaults.swift */; };
		CD7D89EA28E379CF002EB75D /* MoreCell.swift in Sources */ = {isa = PBXBuildFile; fileRef = CD7D89E928E379CF002EB75D /* MoreCell.swift */; };
		CD7D89EF28E37C0E002EB75D /* PillButton.swift in Sources */ = {isa = PBXBuildFile; fileRef = CD7D89EE28E37C0E002EB75D /* PillButton.swift */; };
		CDA3E29828D4D7ED003E3278 /* AppDelegate.swift in Sources */ = {isa = PBXBuildFile; fileRef = CDA3E29728D4D7ED003E3278 /* AppDelegate.swift */; };
		CDA3E29A28D4D7ED003E3278 /* SceneDelegate.swift in Sources */ = {isa = PBXBuildFile; fileRef = CDA3E29928D4D7ED003E3278 /* SceneDelegate.swift */; };
		CDA3E29C28D4D7ED003E3278 /* MoviesViewController.swift in Sources */ = {isa = PBXBuildFile; fileRef = CDA3E29B28D4D7ED003E3278 /* MoviesViewController.swift */; };
		CDA3E2A128D4D7EE003E3278 /* Assets.xcassets in Resources */ = {isa = PBXBuildFile; fileRef = CDA3E2A028D4D7EE003E3278 /* Assets.xcassets */; };
		CDA3E2A428D4D7EE003E3278 /* LaunchScreen.storyboard in Resources */ = {isa = PBXBuildFile; fileRef = CDA3E2A228D4D7EE003E3278 /* LaunchScreen.storyboard */; };
		CDA3E2B128D4EBF4003E3278 /* movies.json in Resources */ = {isa = PBXBuildFile; fileRef = CDA3E2B028D4EBF4003E3278 /* movies.json */; };
		CDA3E2B328D4ED6B003E3278 /* Model.swift in Sources */ = {isa = PBXBuildFile; fileRef = CDA3E2B228D4ED6B003E3278 /* Model.swift */; };
		CDA3E2B528D4ED8D003E3278 /* MoviesViewModel.swift in Sources */ = {isa = PBXBuildFile; fileRef = CDA3E2B428D4ED8D003E3278 /* MoviesViewModel.swift */; };
		CDA3E2BB28D4F5B3003E3278 /* staff_picks.json in Resources */ = {isa = PBXBuildFile; fileRef = CDA3E2BA28D4F5B3003E3278 /* staff_picks.json */; };
		CDA3E2BD28D4FAF0003E3278 /* MovieCell.swift in Sources */ = {isa = PBXBuildFile; fileRef = CDA3E2BC28D4FAF0003E3278 /* MovieCell.swift */; };
		CDA3E2BF28D4FB15003E3278 /* Reusable.swift in Sources */ = {isa = PBXBuildFile; fileRef = CDA3E2BE28D4FB15003E3278 /* Reusable.swift */; };
		CDEB57D328DCADC200F0CBC9 /* SearchCell.swift in Sources */ = {isa = PBXBuildFile; fileRef = CDEB57D228DCADC200F0CBC9 /* SearchCell.swift */; };
		CDEB57D528DCB30000F0CBC9 /* HeaderCell.swift in Sources */ = {isa = PBXBuildFile; fileRef = CDEB57D428DCB30000F0CBC9 /* HeaderCell.swift */; };
		CDEB57D828DCB71800F0CBC9 /* String+Formatting.swift in Sources */ = {isa = PBXBuildFile; fileRef = CDEB57D728DCB71800F0CBC9 /* String+Formatting.swift */; };
		CDEB57DA28DCBC2200F0CBC9 /* UIFont+Weight.swift in Sources */ = {isa = PBXBuildFile; fileRef = CDEB57D928DCBC2200F0CBC9 /* UIFont+Weight.swift */; };
		CDEB57DC28DCEBB900F0CBC9 /* TextStyle.swift in Sources */ = {isa = PBXBuildFile; fileRef = CDEB57DB28DCEBB900F0CBC9 /* TextStyle.swift */; };
		CDEB57DE28DCEF4200F0CBC9 /* PosterCell.swift in Sources */ = {isa = PBXBuildFile; fileRef = CDEB57DD28DCEF4200F0CBC9 /* PosterCell.swift */; };
		CDEB57E028DCF97300F0CBC9 /* NetworkManager.swift in Sources */ = {isa = PBXBuildFile; fileRef = CDEB57DF28DCF97300F0CBC9 /* NetworkManager.swift */; };
		CDEB57E228DCF9F900F0CBC9 /* Logger+Movie.swift in Sources */ = {isa = PBXBuildFile; fileRef = CDEB57E128DCF9F900F0CBC9 /* Logger+Movie.swift */; };
		CDEB57E428DCFF0700F0CBC9 /* Dependencies.swift in Sources */ = {isa = PBXBuildFile; fileRef = CDEB57E328DCFF0700F0CBC9 /* Dependencies.swift */; };
/* End PBXBuildFile section */

/* Begin PBXContainerItemProxy section */
		CD4A051A28EB18640097F656 /* PBXContainerItemProxy */ = {
			isa = PBXContainerItemProxy;
			containerPortal = CDA3E28C28D4D7ED003E3278 /* Project object */;
			proxyType = 1;
			remoteGlobalIDString = CD4A051528EB18640097F656;
			remoteInfo = DefaultsKit;
		};
/* End PBXContainerItemProxy section */

/* Begin PBXCopyFilesBuildPhase section */
		CD4A051E28EB18640097F656 /* Embed Frameworks */ = {
			isa = PBXCopyFilesBuildPhase;
			buildActionMask = 2147483647;
			dstPath = "";
			dstSubfolderSpec = 10;
			files = (
				CD4A051D28EB18640097F656 /* DefaultsKit.framework in Embed Frameworks */,
			);
			name = "Embed Frameworks";
			runOnlyForDeploymentPostprocessing = 0;
		};
/* End PBXCopyFilesBuildPhase section */

/* Begin PBXFileReference section */
		CD0726EC28E482C9006E8389 /* DateFormatter.swift */ = {isa = PBXFileReference; lastKnownFileType = sourcecode.swift; path = DateFormatter.swift; sourceTree = "<group>"; };
		CD0726EE28E483D7006E8389 /* DetailViewController.swift */ = {isa = PBXFileReference; lastKnownFileType = sourcecode.swift; path = DetailViewController.swift; sourceTree = "<group>"; };
		CD0726F228E5BBFF006E8389 /* PlaceholderCell.swift */ = {isa = PBXFileReference; lastKnownFileType = sourcecode.swift; path = PlaceholderCell.swift; sourceTree = "<group>"; };
		CD0726F428E5BD00006E8389 /* TextCell.swift */ = {isa = PBXFileReference; lastKnownFileType = sourcecode.swift; path = TextCell.swift; sourceTree = "<group>"; };
		CD0726F728E5C648006E8389 /* FactsCell.swift */ = {isa = PBXFileReference; lastKnownFileType = sourcecode.swift; path = FactsCell.swift; sourceTree = "<group>"; };
		CD0726F928E5C841006E8389 /* NSCollectionViewLayout+VerticallCentered.swift */ = {isa = PBXFileReference; lastKnownFileType = sourcecode.swift; path = "NSCollectionViewLayout+VerticallCentered.swift"; sourceTree = "<group>"; };
		CD0726FB28E5E604006E8389 /* GenreCell.swift */ = {isa = PBXFileReference; lastKnownFileType = sourcecode.swift; path = GenreCell.swift; sourceTree = "<group>"; };
		CD0726FD28E5F7D4006E8389 /* PersonCell.swift */ = {isa = PBXFileReference; lastKnownFileType = sourcecode.swift; path = PersonCell.swift; sourceTree = "<group>"; };
		CD0726FF28E5F98B006E8389 /* GradientView.swift */ = {isa = PBXFileReference; lastKnownFileType = sourcecode.swift; path = GradientView.swift; sourceTree = "<group>"; };
		CD07270128E6335B006E8389 /* KeyFactCell.swift */ = {isa = PBXFileReference; lastKnownFileType = sourcecode.swift; path = KeyFactCell.swift; sourceTree = "<group>"; };
		CD4A051628EB18640097F656 /* DefaultsKit.framework */ = {isa = PBXFileReference; explicitFileType = wrapper.framework; includeInIndex = 0; path = DefaultsKit.framework; sourceTree = BUILT_PRODUCTS_DIR; };
		CD4A051828EB18640097F656 /* DefaultsKit.h */ = {isa = PBXFileReference; lastKnownFileType = sourcecode.c.h; path = DefaultsKit.h; sourceTree = "<group>"; };
		CD4A052228EB186D0097F656 /* UserDefault.swift */ = {isa = PBXFileReference; lastKnownFileType = sourcecode.swift; path = UserDefault.swift; sourceTree = "<group>"; };
		CD4A052B28EB1D0E0097F656 /* Key.swift */ = {isa = PBXFileReference; lastKnownFileType = sourcecode.swift; path = Key.swift; sourceTree = "<group>"; };
		CD4A052F28EB2AF50097F656 /* Router.swift */ = {isa = PBXFileReference; lastKnownFileType = sourcecode.swift; path = Router.swift; sourceTree = "<group>"; };
		CD4A053128EB37C50097F656 /* SearchViewController.swift */ = {isa = PBXFileReference; lastKnownFileType = sourcecode.swift; path = SearchViewController.swift; sourceTree = "<group>"; };
		CD7036DD28EC9E11002B28BD /* FilterViewController.swift */ = {isa = PBXFileReference; lastKnownFileType = sourcecode.swift; path = FilterViewController.swift; sourceTree = "<group>"; };
		CD7036DF28EC9F49002B28BD /* UIViewController+Child.swift */ = {isa = PBXFileReference; lastKnownFileType = sourcecode.swift; path = "UIViewController+Child.swift"; sourceTree = "<group>"; };
		CD75FE0828EB688600F40BAD /* UIView+InterfaceBuilder.swift */ = {isa = PBXFileReference; lastKnownFileType = sourcecode.swift; path = "UIView+InterfaceBuilder.swift"; sourceTree = "<group>"; };
		CD75FE0A28EB7A5A00F40BAD /* RatingCell.swift */ = {isa = PBXFileReference; lastKnownFileType = sourcecode.swift; path = RatingCell.swift; sourceTree = "<group>"; };
		CD7D89CA28E35311002EB75D /* RatingView.swift */ = {isa = PBXFileReference; lastKnownFileType = sourcecode.swift; path = RatingView.swift; sourceTree = "<group>"; };
		CD7D89DA28E35C56002EB75D /* XCAssets+Generated.swift */ = {isa = PBXFileReference; fileEncoding = 4; lastKnownFileType = sourcecode.swift; path = "XCAssets+Generated.swift"; sourceTree = "<group>"; };
		CD7D89DC28E3618F002EB75D /* Notes.md */ = {isa = PBXFileReference; lastKnownFileType = net.daringfireball.markdown; path = Notes.md; sourceTree = "<group>"; };
		CD7D89E328E37120002EB75D /* Optional.swift */ = {isa = PBXFileReference; fileEncoding = 4; lastKnownFileType = sourcecode.swift; path = Optional.swift; sourceTree = "<group>"; };
		CD7D89E528E37172002EB75D /* AppDefaults.swift */ = {isa = PBXFileReference; fileEncoding = 4; lastKnownFileType = sourcecode.swift; path = AppDefaults.swift; sourceTree = "<group>"; };
		CD7D89E728E371B2002EB75D /* AnyOptional.swift */ = {isa = PBXFileReference; fileEncoding = 4; lastKnownFileType = sourcecode.swift; path = AnyOptional.swift; sourceTree = "<group>"; };
		CD7D89E928E379CF002EB75D /* MoreCell.swift */ = {isa = PBXFileReference; lastKnownFileType = sourcecode.swift; path = MoreCell.swift; sourceTree = "<group>"; };
		CD7D89EE28E37C0E002EB75D /* PillButton.swift */ = {isa = PBXFileReference; lastKnownFileType = sourcecode.swift; path = PillButton.swift; sourceTree = "<group>"; };
		CDA3E29428D4D7ED003E3278 /* Movies.app */ = {isa = PBXFileReference; explicitFileType = wrapper.application; includeInIndex = 0; path = Movies.app; sourceTree = BUILT_PRODUCTS_DIR; };
		CDA3E29728D4D7ED003E3278 /* AppDelegate.swift */ = {isa = PBXFileReference; lastKnownFileType = sourcecode.swift; path = AppDelegate.swift; sourceTree = "<group>"; };
		CDA3E29928D4D7ED003E3278 /* SceneDelegate.swift */ = {isa = PBXFileReference; lastKnownFileType = sourcecode.swift; path = SceneDelegate.swift; sourceTree = "<group>"; };
		CDA3E29B28D4D7ED003E3278 /* MoviesViewController.swift */ = {isa = PBXFileReference; lastKnownFileType = sourcecode.swift; path = MoviesViewController.swift; sourceTree = "<group>"; };
		CDA3E2A028D4D7EE003E3278 /* Assets.xcassets */ = {isa = PBXFileReference; lastKnownFileType = folder.assetcatalog; path = Assets.xcassets; sourceTree = "<group>"; };
		CDA3E2A328D4D7EE003E3278 /* Base */ = {isa = PBXFileReference; lastKnownFileType = file.storyboard; name = Base; path = Base.lproj/LaunchScreen.storyboard; sourceTree = "<group>"; };
		CDA3E2A528D4D7EE003E3278 /* Info.plist */ = {isa = PBXFileReference; lastKnownFileType = text.plist.xml; path = Info.plist; sourceTree = "<group>"; };
		CDA3E2B028D4EBF4003E3278 /* movies.json */ = {isa = PBXFileReference; fileEncoding = 4; lastKnownFileType = text.json; path = movies.json; sourceTree = "<group>"; };
		CDA3E2B228D4ED6B003E3278 /* Model.swift */ = {isa = PBXFileReference; lastKnownFileType = sourcecode.swift; path = Model.swift; sourceTree = "<group>"; };
		CDA3E2B428D4ED8D003E3278 /* MoviesViewModel.swift */ = {isa = PBXFileReference; lastKnownFileType = sourcecode.swift; path = MoviesViewModel.swift; sourceTree = "<group>"; };
		CDA3E2BA28D4F5B3003E3278 /* staff_picks.json */ = {isa = PBXFileReference; fileEncoding = 4; lastKnownFileType = text.json; path = staff_picks.json; sourceTree = "<group>"; };
		CDA3E2BC28D4FAF0003E3278 /* MovieCell.swift */ = {isa = PBXFileReference; lastKnownFileType = sourcecode.swift; path = MovieCell.swift; sourceTree = "<group>"; };
		CDA3E2BE28D4FB15003E3278 /* Reusable.swift */ = {isa = PBXFileReference; lastKnownFileType = sourcecode.swift; path = Reusable.swift; sourceTree = "<group>"; };
		CDEB57D228DCADC200F0CBC9 /* SearchCell.swift */ = {isa = PBXFileReference; lastKnownFileType = sourcecode.swift; path = SearchCell.swift; sourceTree = "<group>"; };
		CDEB57D428DCB30000F0CBC9 /* HeaderCell.swift */ = {isa = PBXFileReference; lastKnownFileType = sourcecode.swift; path = HeaderCell.swift; sourceTree = "<group>"; };
		CDEB57D728DCB71800F0CBC9 /* String+Formatting.swift */ = {isa = PBXFileReference; lastKnownFileType = sourcecode.swift; path = "String+Formatting.swift"; sourceTree = "<group>"; };
		CDEB57D928DCBC2200F0CBC9 /* UIFont+Weight.swift */ = {isa = PBXFileReference; lastKnownFileType = sourcecode.swift; path = "UIFont+Weight.swift"; sourceTree = "<group>"; };
		CDEB57DB28DCEBB900F0CBC9 /* TextStyle.swift */ = {isa = PBXFileReference; lastKnownFileType = sourcecode.swift; path = TextStyle.swift; sourceTree = "<group>"; };
		CDEB57DD28DCEF4200F0CBC9 /* PosterCell.swift */ = {isa = PBXFileReference; lastKnownFileType = sourcecode.swift; path = PosterCell.swift; sourceTree = "<group>"; };
		CDEB57DF28DCF97300F0CBC9 /* NetworkManager.swift */ = {isa = PBXFileReference; lastKnownFileType = sourcecode.swift; path = NetworkManager.swift; sourceTree = "<group>"; };
		CDEB57E128DCF9F900F0CBC9 /* Logger+Movie.swift */ = {isa = PBXFileReference; lastKnownFileType = sourcecode.swift; path = "Logger+Movie.swift"; sourceTree = "<group>"; };
		CDEB57E328DCFF0700F0CBC9 /* Dependencies.swift */ = {isa = PBXFileReference; lastKnownFileType = sourcecode.swift; path = Dependencies.swift; sourceTree = "<group>"; };
/* End PBXFileReference section */

/* Begin PBXFrameworksBuildPhase section */
		CD4A051328EB18640097F656 /* Frameworks */ = {
			isa = PBXFrameworksBuildPhase;
			buildActionMask = 2147483647;
			files = (
			);
			runOnlyForDeploymentPostprocessing = 0;
		};
		CDA3E29128D4D7ED003E3278 /* Frameworks */ = {
			isa = PBXFrameworksBuildPhase;
			buildActionMask = 2147483647;
			files = (
				CD4A051C28EB18640097F656 /* DefaultsKit.framework in Frameworks */,
			);
			runOnlyForDeploymentPostprocessing = 0;
		};
/* End PBXFrameworksBuildPhase section */

/* Begin PBXGroup section */
		CD4A051728EB18640097F656 /* DefaultsKit */ = {
			isa = PBXGroup;
			children = (
				CD4A051828EB18640097F656 /* DefaultsKit.h */,
				CD4A052928EB1C910097F656 /* Protocols */,
				CD4A052D28EB1D1A0097F656 /* Sources */,
			);
			path = DefaultsKit;
			sourceTree = "<group>";
		};
		CD4A052928EB1C910097F656 /* Protocols */ = {
			isa = PBXGroup;
			children = (
				CD7D89E328E37120002EB75D /* Optional.swift */,
				CD7D89E728E371B2002EB75D /* AnyOptional.swift */,
			);
			path = Protocols;
			sourceTree = "<group>";
		};
		CD4A052D28EB1D1A0097F656 /* Sources */ = {
			isa = PBXGroup;
			children = (
				CD4A052228EB186D0097F656 /* UserDefault.swift */,
				CD4A052B28EB1D0E0097F656 /* Key.swift */,
			);
			path = Sources;
			sourceTree = "<group>";
		};
		CD7D89D928E35C56002EB75D /* Generated */ = {
			isa = PBXGroup;
			children = (
				CD7D89DA28E35C56002EB75D /* XCAssets+Generated.swift */,
			);
			path = Generated;
			sourceTree = "<group>";
		};
		CD7D89E128E370FB002EB75D /* Property Wrapper */ = {
			isa = PBXGroup;
			children = (
			);
			path = "Property Wrapper";
			sourceTree = "<group>";
		};
		CD7D89E228E3710E002EB75D /* Model */ = {
			isa = PBXGroup;
			children = (
				CD7D89E528E37172002EB75D /* AppDefaults.swift */,
				CDA3E2B428D4ED8D003E3278 /* MoviesViewModel.swift */,
				CDA3E2B228D4ED6B003E3278 /* Model.swift */,
			);
			path = Model;
			sourceTree = "<group>";
		};
		CD7D89EB28E379DE002EB75D /* Cells */ = {
			isa = PBXGroup;
			children = (
				CDEB57D428DCB30000F0CBC9 /* HeaderCell.swift */,
				CDA3E2BC28D4FAF0003E3278 /* MovieCell.swift */,
				CDEB57DD28DCEF4200F0CBC9 /* PosterCell.swift */,
				CD7D89E928E379CF002EB75D /* MoreCell.swift */,
				CDEB57D228DCADC200F0CBC9 /* SearchCell.swift */,
				CD0726F228E5BBFF006E8389 /* PlaceholderCell.swift */,
				CD0726F428E5BD00006E8389 /* TextCell.swift */,
				CD0726F728E5C648006E8389 /* FactsCell.swift */,
				CD0726FB28E5E604006E8389 /* GenreCell.swift */,
				CD0726FD28E5F7D4006E8389 /* PersonCell.swift */,
				CD07270128E6335B006E8389 /* KeyFactCell.swift */,
				CD75FE0A28EB7A5A00F40BAD /* RatingCell.swift */,
			);
			path = Cells;
			sourceTree = "<group>";
		};
		CD7D89EC28E379EF002EB75D /* ViewController */ = {
			isa = PBXGroup;
			children = (
				CDA3E29B28D4D7ED003E3278 /* MoviesViewController.swift */,
				CD4A053128EB37C50097F656 /* SearchViewController.swift */,
				CD0726EE28E483D7006E8389 /* DetailViewController.swift */,
				CD7036DD28EC9E11002B28BD /* FilterViewController.swift */,
			);
			path = ViewController;
			sourceTree = "<group>";
		};
		CD7D89ED28E37C05002EB75D /* Custom Controls */ = {
			isa = PBXGroup;
			children = (
				CD7D89CA28E35311002EB75D /* RatingView.swift */,
				CD7D89EE28E37C0E002EB75D /* PillButton.swift */,
				CD0726FF28E5F98B006E8389 /* GradientView.swift */,
			);
			path = "Custom Controls";
			sourceTree = "<group>";
		};
		CDA3E28B28D4D7ED003E3278 = {
			isa = PBXGroup;
			children = (
				CD7D89DC28E3618F002EB75D /* Notes.md */,
				CDA3E29628D4D7ED003E3278 /* Movies */,
				CD4A051728EB18640097F656 /* DefaultsKit */,
				CDA3E29528D4D7ED003E3278 /* Products */,
			);
			sourceTree = "<group>";
		};
		CDA3E29528D4D7ED003E3278 /* Products */ = {
			isa = PBXGroup;
			children = (
				CDA3E29428D4D7ED003E3278 /* Movies.app */,
				CD4A051628EB18640097F656 /* DefaultsKit.framework */,
			);
			name = Products;
			sourceTree = "<group>";
		};
		CDA3E29628D4D7ED003E3278 /* Movies */ = {
			isa = PBXGroup;
			children = (
				CDEB57D628DCB70400F0CBC9 /* Extensions */,
				CDA3E2C028D4FB1C003E3278 /* Protocols */,
				CDA3E2AF28D4EBC8003E3278 /* Sources */,
				CD7D89D928E35C56002EB75D /* Generated */,
				CDA3E2AE28D4EBBD003E3278 /* Resources */,
				CDA3E2AD28D4EB45003E3278 /* Supporting Files */,
			);
			path = Movies;
			sourceTree = "<group>";
		};
		CDA3E2AD28D4EB45003E3278 /* Supporting Files */ = {
			isa = PBXGroup;
			children = (
				CDA3E2A528D4D7EE003E3278 /* Info.plist */,
				CDA3E2A228D4D7EE003E3278 /* LaunchScreen.storyboard */,
				CDA3E2A028D4D7EE003E3278 /* Assets.xcassets */,
			);
			path = "Supporting Files";
			sourceTree = "<group>";
		};
		CDA3E2AE28D4EBBD003E3278 /* Resources */ = {
			isa = PBXGroup;
			children = (
				CDA3E2BA28D4F5B3003E3278 /* staff_picks.json */,
				CDA3E2B028D4EBF4003E3278 /* movies.json */,
			);
			path = Resources;
			sourceTree = "<group>";
		};
		CDA3E2AF28D4EBC8003E3278 /* Sources */ = {
			isa = PBXGroup;
			children = (
				CDA3E29728D4D7ED003E3278 /* AppDelegate.swift */,
				CDA3E29928D4D7ED003E3278 /* SceneDelegate.swift */,
				CD4A052F28EB2AF50097F656 /* Router.swift */,
				CD7D89EC28E379EF002EB75D /* ViewController */,
				CD7D89E128E370FB002EB75D /* Property Wrapper */,
				CD7D89EB28E379DE002EB75D /* Cells */,
				CD7D89E228E3710E002EB75D /* Model */,
				CDEB57DB28DCEBB900F0CBC9 /* TextStyle.swift */,
				CDEB57E328DCFF0700F0CBC9 /* Dependencies.swift */,
				CDEB57DF28DCF97300F0CBC9 /* NetworkManager.swift */,
				CD7D89ED28E37C05002EB75D /* Custom Controls */,
			);
			path = Sources;
			sourceTree = "<group>";
		};
		CDA3E2C028D4FB1C003E3278 /* Protocols */ = {
			isa = PBXGroup;
			children = (
				CDA3E2BE28D4FB15003E3278 /* Reusable.swift */,
			);
			path = Protocols;
			sourceTree = "<group>";
		};
		CDEB57D628DCB70400F0CBC9 /* Extensions */ = {
			isa = PBXGroup;
			children = (
				CDEB57E128DCF9F900F0CBC9 /* Logger+Movie.swift */,
				CDEB57D728DCB71800F0CBC9 /* String+Formatting.swift */,
				CDEB57D928DCBC2200F0CBC9 /* UIFont+Weight.swift */,
				CD0726EC28E482C9006E8389 /* DateFormatter.swift */,
				CD0726F928E5C841006E8389 /* NSCollectionViewLayout+VerticallCentered.swift */,
				CD75FE0828EB688600F40BAD /* UIView+InterfaceBuilder.swift */,
				CD7036DF28EC9F49002B28BD /* UIViewController+Child.swift */,
			);
			path = Extensions;
			sourceTree = "<group>";
		};
/* End PBXGroup section */

/* Begin PBXHeadersBuildPhase section */
		CD4A051128EB18640097F656 /* Headers */ = {
			isa = PBXHeadersBuildPhase;
			buildActionMask = 2147483647;
			files = (
				CD4A051928EB18640097F656 /* DefaultsKit.h in Headers */,
			);
			runOnlyForDeploymentPostprocessing = 0;
		};
/* End PBXHeadersBuildPhase section */

/* Begin PBXNativeTarget section */
		CD4A051528EB18640097F656 /* DefaultsKit */ = {
			isa = PBXNativeTarget;
			buildConfigurationList = CD4A052128EB18640097F656 /* Build configuration list for PBXNativeTarget "DefaultsKit" */;
			buildPhases = (
				CD4A051128EB18640097F656 /* Headers */,
				CD4A051228EB18640097F656 /* Sources */,
				CD4A051328EB18640097F656 /* Frameworks */,
				CD4A051428EB18640097F656 /* Resources */,
			);
			buildRules = (
			);
			dependencies = (
			);
			name = DefaultsKit;
			productName = DefaultsKit;
			productReference = CD4A051628EB18640097F656 /* DefaultsKit.framework */;
			productType = "com.apple.product-type.framework";
		};
		CDA3E29328D4D7ED003E3278 /* Movies */ = {
			isa = PBXNativeTarget;
			buildConfigurationList = CDA3E2A828D4D7EE003E3278 /* Build configuration list for PBXNativeTarget "Movies" */;
			buildPhases = (
				CD7D89D828E358F9002EB75D /* SwiftGen */,
				CD7D89DE28E3678E002EB75D /* SwiftLint */,
				CDA3E29028D4D7ED003E3278 /* Sources */,
				CDA3E29128D4D7ED003E3278 /* Frameworks */,
				CDA3E29228D4D7ED003E3278 /* Resources */,
				CD4A051E28EB18640097F656 /* Embed Frameworks */,
			);
			buildRules = (
			);
			dependencies = (
				CD4A051B28EB18640097F656 /* PBXTargetDependency */,
			);
			name = Movies;
			packageProductDependencies = (
			);
			productName = Movies;
			productReference = CDA3E29428D4D7ED003E3278 /* Movies.app */;
			productType = "com.apple.product-type.application";
		};
/* End PBXNativeTarget section */

/* Begin PBXProject section */
		CDA3E28C28D4D7ED003E3278 /* Project object */ = {
			isa = PBXProject;
			attributes = {
				BuildIndependentTargetsInParallel = 1;
				LastSwiftUpdateCheck = 1400;
				LastUpgradeCheck = 1400;
				TargetAttributes = {
					CD4A051528EB18640097F656 = {
						CreatedOnToolsVersion = 14.0.1;
						LastSwiftMigration = 1400;
					};
					CDA3E29328D4D7ED003E3278 = {
						CreatedOnToolsVersion = 14.0;
					};
				};
			};
			buildConfigurationList = CDA3E28F28D4D7ED003E3278 /* Build configuration list for PBXProject "Movies" */;
			compatibilityVersion = "Xcode 14.0";
			developmentRegion = en;
			hasScannedForEncodings = 0;
			knownRegions = (
				en,
				Base,
			);
			mainGroup = CDA3E28B28D4D7ED003E3278;
			packageReferences = (
			);
			productRefGroup = CDA3E29528D4D7ED003E3278 /* Products */;
			projectDirPath = "";
			projectRoot = "";
			targets = (
				CDA3E29328D4D7ED003E3278 /* Movies */,
				CD4A051528EB18640097F656 /* DefaultsKit */,
			);
		};
/* End PBXProject section */

/* Begin PBXResourcesBuildPhase section */
		CD4A051428EB18640097F656 /* Resources */ = {
			isa = PBXResourcesBuildPhase;
			buildActionMask = 2147483647;
			files = (
			);
			runOnlyForDeploymentPostprocessing = 0;
		};
		CDA3E29228D4D7ED003E3278 /* Resources */ = {
			isa = PBXResourcesBuildPhase;
			buildActionMask = 2147483647;
			files = (
				CDA3E2A428D4D7EE003E3278 /* LaunchScreen.storyboard in Resources */,
				CD7D89DD28E3618F002EB75D /* Notes.md in Resources */,
				CDA3E2BB28D4F5B3003E3278 /* staff_picks.json in Resources */,
				CDA3E2B128D4EBF4003E3278 /* movies.json in Resources */,
				CDA3E2A128D4D7EE003E3278 /* Assets.xcassets in Resources */,
			);
			runOnlyForDeploymentPostprocessing = 0;
		};
/* End PBXResourcesBuildPhase section */

/* Begin PBXShellScriptBuildPhase section */
		CD7D89D828E358F9002EB75D /* SwiftGen */ = {
			isa = PBXShellScriptBuildPhase;
			buildActionMask = 2147483647;
			files = (
			);
			inputFileListPaths = (
			);
			inputPaths = (
				"$(SRCROOT)/Movies/Supporting Files/Assets.xcassets",
			);
			name = SwiftGen;
			outputFileListPaths = (
			);
			outputPaths = (
				"$(SRCROOT)/Movies/Generated/XCAssets+Generated.swift",
			);
			runOnlyForDeploymentPostprocessing = 0;
			shellPath = /bin/sh;
			shellScript = "./.tools/swiftgen --config ./.tools/swiftgen.yml\n";
		};
		CD7D89DE28E3678E002EB75D /* SwiftLint */ = {
			isa = PBXShellScriptBuildPhase;
			alwaysOutOfDate = 1;
			buildActionMask = 2147483647;
			files = (
			);
			inputFileListPaths = (
			);
			inputPaths = (
			);
			name = SwiftLint;
			outputFileListPaths = (
			);
			outputPaths = (
			);
			runOnlyForDeploymentPostprocessing = 0;
			shellPath = /bin/sh;
			shellScript = "./.tools/swiftlint --config ./.tools/swiftlint.yml\n\n";
		};
/* End PBXShellScriptBuildPhase section */

/* Begin PBXSourcesBuildPhase section */
		CD4A051228EB18640097F656 /* Sources */ = {
			isa = PBXSourcesBuildPhase;
			buildActionMask = 2147483647;
			files = (
				CD4A052328EB186D0097F656 /* UserDefault.swift in Sources */,
				CD4A052E28EB1DB00097F656 /* Optional.swift in Sources */,
				CD4A052C28EB1D0E0097F656 /* Key.swift in Sources */,
				CD4A052A28EB1CCB0097F656 /* AnyOptional.swift in Sources */,
			);
			runOnlyForDeploymentPostprocessing = 0;
		};
		CDA3E29028D4D7ED003E3278 /* Sources */ = {
			isa = PBXSourcesBuildPhase;
			buildActionMask = 2147483647;
			files = (
				CD7D89EF28E37C0E002EB75D /* PillButton.swift in Sources */,
				CDEB57DC28DCEBB900F0CBC9 /* TextStyle.swift in Sources */,
				CDA3E29C28D4D7ED003E3278 /* MoviesViewController.swift in Sources */,
				CD0726F528E5BD00006E8389 /* TextCell.swift in Sources */,
				CD75FE0928EB688600F40BAD /* UIView+InterfaceBuilder.swift in Sources */,
				CDEB57DA28DCBC2200F0CBC9 /* UIFont+Weight.swift in Sources */,
				CDEB57D328DCADC200F0CBC9 /* SearchCell.swift in Sources */,
				CDEB57E428DCFF0700F0CBC9 /* Dependencies.swift in Sources */,
				CDA3E29828D4D7ED003E3278 /* AppDelegate.swift in Sources */,
				CD4A053028EB2AF50097F656 /* Router.swift in Sources */,
				CD0726F328E5BBFF006E8389 /* PlaceholderCell.swift in Sources */,
				CD0726F828E5C648006E8389 /* FactsCell.swift in Sources */,
				CDEB57DE28DCEF4200F0CBC9 /* PosterCell.swift in Sources */,
				CD4A053228EB37C50097F656 /* SearchViewController.swift in Sources */,
				CDA3E2BD28D4FAF0003E3278 /* MovieCell.swift in Sources */,
				CDEB57D528DCB30000F0CBC9 /* HeaderCell.swift in Sources */,
				CD0726FA28E5C841006E8389 /* NSCollectionViewLayout+VerticallCentered.swift in Sources */,
				CD7D89DB28E35C56002EB75D /* XCAssets+Generated.swift in Sources */,
				CDA3E29A28D4D7ED003E3278 /* SceneDelegate.swift in Sources */,
				CD0726FE28E5F7D4006E8389 /* PersonCell.swift in Sources */,
				CD0726EF28E483D7006E8389 /* DetailViewController.swift in Sources */,
				CD7036E028EC9F49002B28BD /* UIViewController+Child.swift in Sources */,
				CD07270228E6335B006E8389 /* KeyFactCell.swift in Sources */,
				CDA3E2B328D4ED6B003E3278 /* Model.swift in Sources */,
				CD0726ED28E482C9006E8389 /* DateFormatter.swift in Sources */,
				CD07270028E5F98B006E8389 /* GradientView.swift in Sources */,
				CD7D89CB28E35311002EB75D /* RatingView.swift in Sources */,
				CD7D89E628E37172002EB75D /* AppDefaults.swift in Sources */,
				CD7D89EA28E379CF002EB75D /* MoreCell.swift in Sources */,
				CDEB57E228DCF9F900F0CBC9 /* Logger+Movie.swift in Sources */,
				CDEB57E028DCF97300F0CBC9 /* NetworkManager.swift in Sources */,
				CD7036DE28EC9E11002B28BD /* FilterViewController.swift in Sources */,
				CDA3E2B528D4ED8D003E3278 /* MoviesViewModel.swift in Sources */,
				CD0726FC28E5E604006E8389 /* GenreCell.swift in Sources */,
				CDA3E2BF28D4FB15003E3278 /* Reusable.swift in Sources */,
				CDEB57D828DCB71800F0CBC9 /* String+Formatting.swift in Sources */,
				CD75FE0B28EB7A5A00F40BAD /* RatingCell.swift in Sources */,
			);
			runOnlyForDeploymentPostprocessing = 0;
		};
/* End PBXSourcesBuildPhase section */

/* Begin PBXTargetDependency section */
		CD4A051B28EB18640097F656 /* PBXTargetDependency */ = {
			isa = PBXTargetDependency;
			target = CD4A051528EB18640097F656 /* DefaultsKit */;
			targetProxy = CD4A051A28EB18640097F656 /* PBXContainerItemProxy */;
		};
/* End PBXTargetDependency section */

/* Begin PBXVariantGroup section */
		CDA3E2A228D4D7EE003E3278 /* LaunchScreen.storyboard */ = {
			isa = PBXVariantGroup;
			children = (
				CDA3E2A328D4D7EE003E3278 /* Base */,
			);
			name = LaunchScreen.storyboard;
			sourceTree = "<group>";
		};
/* End PBXVariantGroup section */

/* Begin XCBuildConfiguration section */
		CD4A051F28EB18640097F656 /* Debug */ = {
			isa = XCBuildConfiguration;
			buildSettings = {
				CLANG_ENABLE_MODULES = YES;
				CODE_SIGN_STYLE = Automatic;
				CURRENT_PROJECT_VERSION = 1;
				DEFINES_MODULE = YES;
				DEVELOPMENT_TEAM = BQ6K935NHJ;
				DYLIB_COMPATIBILITY_VERSION = 1;
				DYLIB_CURRENT_VERSION = 1;
				DYLIB_INSTALL_NAME_BASE = "@rpath";
				GENERATE_INFOPLIST_FILE = YES;
				INFOPLIST_KEY_NSHumanReadableCopyright = "";
				INSTALL_PATH = "$(LOCAL_LIBRARY_DIR)/Frameworks";
				LD_RUNPATH_SEARCH_PATHS = (
					"$(inherited)",
					"@executable_path/Frameworks",
					"@loader_path/Frameworks",
				);
				MARKETING_VERSION = 1.0;
				PRODUCT_BUNDLE_IDENTIFIER = "com.loop.hiring-sample.frameworks.DefaultsKit";
				PRODUCT_NAME = "$(TARGET_NAME:c99extidentifier)";
				SKIP_INSTALL = YES;
				SWIFT_EMIT_LOC_STRINGS = YES;
				SWIFT_OPTIMIZATION_LEVEL = "-Onone";
				SWIFT_VERSION = 5.0;
				TARGETED_DEVICE_FAMILY = "1,2";
				VERSIONING_SYSTEM = "apple-generic";
				VERSION_INFO_PREFIX = "";
			};
			name = Debug;
		};
		CD4A052028EB18640097F656 /* Release */ = {
			isa = XCBuildConfiguration;
			buildSettings = {
				CLANG_ENABLE_MODULES = YES;
				CODE_SIGN_STYLE = Automatic;
				CURRENT_PROJECT_VERSION = 1;
				DEFINES_MODULE = YES;
				DEVELOPMENT_TEAM = BQ6K935NHJ;
				DYLIB_COMPATIBILITY_VERSION = 1;
				DYLIB_CURRENT_VERSION = 1;
				DYLIB_INSTALL_NAME_BASE = "@rpath";
				GENERATE_INFOPLIST_FILE = YES;
				INFOPLIST_KEY_NSHumanReadableCopyright = "";
				INSTALL_PATH = "$(LOCAL_LIBRARY_DIR)/Frameworks";
				LD_RUNPATH_SEARCH_PATHS = (
					"$(inherited)",
					"@executable_path/Frameworks",
					"@loader_path/Frameworks",
				);
				MARKETING_VERSION = 1.0;
				PRODUCT_BUNDLE_IDENTIFIER = "com.loop.hiring-sample.frameworks.DefaultsKit";
				PRODUCT_NAME = "$(TARGET_NAME:c99extidentifier)";
				SKIP_INSTALL = YES;
				SWIFT_EMIT_LOC_STRINGS = YES;
				SWIFT_VERSION = 5.0;
				TARGETED_DEVICE_FAMILY = "1,2";
				VERSIONING_SYSTEM = "apple-generic";
				VERSION_INFO_PREFIX = "";
			};
			name = Release;
		};
		CDA3E2A628D4D7EE003E3278 /* Debug */ = {
			isa = XCBuildConfiguration;
			buildSettings = {
				ALWAYS_SEARCH_USER_PATHS = NO;
				CLANG_ANALYZER_NONNULL = YES;
				CLANG_ANALYZER_NUMBER_OBJECT_CONVERSION = YES_AGGRESSIVE;
				CLANG_CXX_LANGUAGE_STANDARD = "gnu++20";
				CLANG_ENABLE_MODULES = YES;
				CLANG_ENABLE_OBJC_ARC = YES;
				CLANG_ENABLE_OBJC_WEAK = YES;
				CLANG_WARN_BLOCK_CAPTURE_AUTORELEASING = YES;
				CLANG_WARN_BOOL_CONVERSION = YES;
				CLANG_WARN_COMMA = YES;
				CLANG_WARN_CONSTANT_CONVERSION = YES;
				CLANG_WARN_DEPRECATED_OBJC_IMPLEMENTATIONS = YES;
				CLANG_WARN_DIRECT_OBJC_ISA_USAGE = YES_ERROR;
				CLANG_WARN_DOCUMENTATION_COMMENTS = YES;
				CLANG_WARN_EMPTY_BODY = YES;
				CLANG_WARN_ENUM_CONVERSION = YES;
				CLANG_WARN_INFINITE_RECURSION = YES;
				CLANG_WARN_INT_CONVERSION = YES;
				CLANG_WARN_NON_LITERAL_NULL_CONVERSION = YES;
				CLANG_WARN_OBJC_IMPLICIT_RETAIN_SELF = YES;
				CLANG_WARN_OBJC_LITERAL_CONVERSION = YES;
				CLANG_WARN_OBJC_ROOT_CLASS = YES_ERROR;
				CLANG_WARN_QUOTED_INCLUDE_IN_FRAMEWORK_HEADER = YES;
				CLANG_WARN_RANGE_LOOP_ANALYSIS = YES;
				CLANG_WARN_STRICT_PROTOTYPES = YES;
				CLANG_WARN_SUSPICIOUS_MOVE = YES;
				CLANG_WARN_UNGUARDED_AVAILABILITY = YES_AGGRESSIVE;
				CLANG_WARN_UNREACHABLE_CODE = YES;
				CLANG_WARN__DUPLICATE_METHOD_MATCH = YES;
				COPY_PHASE_STRIP = NO;
				DEBUG_INFORMATION_FORMAT = dwarf;
				ENABLE_STRICT_OBJC_MSGSEND = YES;
				ENABLE_TESTABILITY = YES;
				GCC_C_LANGUAGE_STANDARD = gnu11;
				GCC_DYNAMIC_NO_PIC = NO;
				GCC_NO_COMMON_BLOCKS = YES;
				GCC_OPTIMIZATION_LEVEL = 0;
				GCC_PREPROCESSOR_DEFINITIONS = (
					"DEBUG=1",
					"$(inherited)",
				);
				GCC_WARN_64_TO_32_BIT_CONVERSION = YES;
				GCC_WARN_ABOUT_RETURN_TYPE = YES_ERROR;
				GCC_WARN_UNDECLARED_SELECTOR = YES;
				GCC_WARN_UNINITIALIZED_AUTOS = YES_AGGRESSIVE;
				GCC_WARN_UNUSED_FUNCTION = YES;
				GCC_WARN_UNUSED_VARIABLE = YES;
				IPHONEOS_DEPLOYMENT_TARGET = 16.0;
				MTL_ENABLE_DEBUG_INFO = INCLUDE_SOURCE;
				MTL_FAST_MATH = YES;
				ONLY_ACTIVE_ARCH = YES;
				SDKROOT = iphoneos;
				SWIFT_ACTIVE_COMPILATION_CONDITIONS = DEBUG;
				SWIFT_OPTIMIZATION_LEVEL = "-Onone";
			};
			name = Debug;
		};
		CDA3E2A728D4D7EE003E3278 /* Release */ = {
			isa = XCBuildConfiguration;
			buildSettings = {
				ALWAYS_SEARCH_USER_PATHS = NO;
				CLANG_ANALYZER_NONNULL = YES;
				CLANG_ANALYZER_NUMBER_OBJECT_CONVERSION = YES_AGGRESSIVE;
				CLANG_CXX_LANGUAGE_STANDARD = "gnu++20";
				CLANG_ENABLE_MODULES = YES;
				CLANG_ENABLE_OBJC_ARC = YES;
				CLANG_ENABLE_OBJC_WEAK = YES;
				CLANG_WARN_BLOCK_CAPTURE_AUTORELEASING = YES;
				CLANG_WARN_BOOL_CONVERSION = YES;
				CLANG_WARN_COMMA = YES;
				CLANG_WARN_CONSTANT_CONVERSION = YES;
				CLANG_WARN_DEPRECATED_OBJC_IMPLEMENTATIONS = YES;
				CLANG_WARN_DIRECT_OBJC_ISA_USAGE = YES_ERROR;
				CLANG_WARN_DOCUMENTATION_COMMENTS = YES;
				CLANG_WARN_EMPTY_BODY = YES;
				CLANG_WARN_ENUM_CONVERSION = YES;
				CLANG_WARN_INFINITE_RECURSION = YES;
				CLANG_WARN_INT_CONVERSION = YES;
				CLANG_WARN_NON_LITERAL_NULL_CONVERSION = YES;
				CLANG_WARN_OBJC_IMPLICIT_RETAIN_SELF = YES;
				CLANG_WARN_OBJC_LITERAL_CONVERSION = YES;
				CLANG_WARN_OBJC_ROOT_CLASS = YES_ERROR;
				CLANG_WARN_QUOTED_INCLUDE_IN_FRAMEWORK_HEADER = YES;
				CLANG_WARN_RANGE_LOOP_ANALYSIS = YES;
				CLANG_WARN_STRICT_PROTOTYPES = YES;
				CLANG_WARN_SUSPICIOUS_MOVE = YES;
				CLANG_WARN_UNGUARDED_AVAILABILITY = YES_AGGRESSIVE;
				CLANG_WARN_UNREACHABLE_CODE = YES;
				CLANG_WARN__DUPLICATE_METHOD_MATCH = YES;
				COPY_PHASE_STRIP = NO;
				DEBUG_INFORMATION_FORMAT = "dwarf-with-dsym";
				ENABLE_NS_ASSERTIONS = NO;
				ENABLE_STRICT_OBJC_MSGSEND = YES;
				GCC_C_LANGUAGE_STANDARD = gnu11;
				GCC_NO_COMMON_BLOCKS = YES;
				GCC_WARN_64_TO_32_BIT_CONVERSION = YES;
				GCC_WARN_ABOUT_RETURN_TYPE = YES_ERROR;
				GCC_WARN_UNDECLARED_SELECTOR = YES;
				GCC_WARN_UNINITIALIZED_AUTOS = YES_AGGRESSIVE;
				GCC_WARN_UNUSED_FUNCTION = YES;
				GCC_WARN_UNUSED_VARIABLE = YES;
				IPHONEOS_DEPLOYMENT_TARGET = 16.0;
				MTL_ENABLE_DEBUG_INFO = NO;
				MTL_FAST_MATH = YES;
				SDKROOT = iphoneos;
				SWIFT_COMPILATION_MODE = wholemodule;
				SWIFT_OPTIMIZATION_LEVEL = "-O";
				VALIDATE_PRODUCT = YES;
			};
			name = Release;
		};
		CDA3E2A928D4D7EE003E3278 /* Debug */ = {
			isa = XCBuildConfiguration;
			buildSettings = {
				ALWAYS_EMBED_SWIFT_STANDARD_LIBRARIES = YES;
				ASSETCATALOG_COMPILER_APPICON_NAME = AppIcon;
				ASSETCATALOG_COMPILER_GLOBAL_ACCENT_COLOR_NAME = AccentColor;
				CODE_SIGN_STYLE = Automatic;
				CURRENT_PROJECT_VERSION = 1;
				DEVELOPMENT_TEAM = BQ6K935NHJ;
				GENERATE_INFOPLIST_FILE = YES;
				INFOPLIST_FILE = "Movies/Supporting Files/Info.plist";
				INFOPLIST_KEY_UIApplicationSupportsIndirectInputEvents = YES;
				INFOPLIST_KEY_UILaunchStoryboardName = LaunchScreen;
				INFOPLIST_KEY_UISupportedInterfaceOrientations_iPad = "UIInterfaceOrientationPortrait UIInterfaceOrientationPortraitUpsideDown UIInterfaceOrientationLandscapeLeft UIInterfaceOrientationLandscapeRight";
				INFOPLIST_KEY_UISupportedInterfaceOrientations_iPhone = "UIInterfaceOrientationPortrait UIInterfaceOrientationLandscapeLeft UIInterfaceOrientationLandscapeRight";
				LD_RUNPATH_SEARCH_PATHS = (
					"$(inherited)",
					"@executable_path/Frameworks",
				);
				MARKETING_VERSION = 1.0;
				PRODUCT_BUNDLE_IDENTIFIER = "com.loop.hiring-sample.Movies";
				PRODUCT_NAME = "$(TARGET_NAME)";
				SUPPORTED_PLATFORMS = "iphoneos iphonesimulator";
				SUPPORTS_MACCATALYST = NO;
				SUPPORTS_MAC_DESIGNED_FOR_IPHONE_IPAD = NO;
				SWIFT_EMIT_LOC_STRINGS = YES;
				SWIFT_VERSION = 5.0;
				TARGETED_DEVICE_FAMILY = 1;
			};
			name = Debug;
		};
		CDA3E2AA28D4D7EE003E3278 /* Release */ = {
			isa = XCBuildConfiguration;
			buildSettings = {
				ALWAYS_EMBED_SWIFT_STANDARD_LIBRARIES = YES;
				ASSETCATALOG_COMPILER_APPICON_NAME = AppIcon;
				ASSETCATALOG_COMPILER_GLOBAL_ACCENT_COLOR_NAME = AccentColor;
				CODE_SIGN_STYLE = Automatic;
				CURRENT_PROJECT_VERSION = 1;
				DEVELOPMENT_TEAM = BQ6K935NHJ;
				GENERATE_INFOPLIST_FILE = YES;
				INFOPLIST_FILE = "Movies/Supporting Files/Info.plist";
				INFOPLIST_KEY_UIApplicationSupportsIndirectInputEvents = YES;
				INFOPLIST_KEY_UILaunchStoryboardName = LaunchScreen;
				INFOPLIST_KEY_UISupportedInterfaceOrientations_iPad = "UIInterfaceOrientationPortrait UIInterfaceOrientationPortraitUpsideDown UIInterfaceOrientationLandscapeLeft UIInterfaceOrientationLandscapeRight";
				INFOPLIST_KEY_UISupportedInterfaceOrientations_iPhone = "UIInterfaceOrientationPortrait UIInterfaceOrientationLandscapeLeft UIInterfaceOrientationLandscapeRight";
				LD_RUNPATH_SEARCH_PATHS = (
					"$(inherited)",
					"@executable_path/Frameworks",
				);
				MARKETING_VERSION = 1.0;
				PRODUCT_BUNDLE_IDENTIFIER = "com.loop.hiring-sample.Movies";
				PRODUCT_NAME = "$(TARGET_NAME)";
				SUPPORTED_PLATFORMS = "iphoneos iphonesimulator";
				SUPPORTS_MACCATALYST = NO;
				SUPPORTS_MAC_DESIGNED_FOR_IPHONE_IPAD = NO;
				SWIFT_EMIT_LOC_STRINGS = YES;
				SWIFT_VERSION = 5.0;
				TARGETED_DEVICE_FAMILY = 1;
			};
			name = Release;
		};
/* End XCBuildConfiguration section */

/* Begin XCConfigurationList section */
		CD4A052128EB18640097F656 /* Build configuration list for PBXNativeTarget "DefaultsKit" */ = {
			isa = XCConfigurationList;
			buildConfigurations = (
				CD4A051F28EB18640097F656 /* Debug */,
				CD4A052028EB18640097F656 /* Release */,
			);
			defaultConfigurationIsVisible = 0;
			defaultConfigurationName = Release;
		};
		CDA3E28F28D4D7ED003E3278 /* Build configuration list for PBXProject "Movies" */ = {
			isa = XCConfigurationList;
			buildConfigurations = (
				CDA3E2A628D4D7EE003E3278 /* Debug */,
				CDA3E2A728D4D7EE003E3278 /* Release */,
			);
			defaultConfigurationIsVisible = 0;
			defaultConfigurationName = Release;
		};
		CDA3E2A828D4D7EE003E3278 /* Build configuration list for PBXNativeTarget "Movies" */ = {
			isa = XCConfigurationList;
			buildConfigurations = (
				CDA3E2A928D4D7EE003E3278 /* Debug */,
				CDA3E2AA28D4D7EE003E3278 /* Release */,
			);
			defaultConfigurationIsVisible = 0;
			defaultConfigurationName = Release;
		};
/* End XCConfigurationList section */
	};
	rootObject = CDA3E28C28D4D7ED003E3278 /* Project object */;
}
